// !$*UTF8*$!
{
	archiveVersion = 1;
	classes = {
	};
	objectVersion = 48;
	objects = {

/* Begin PBXBuildFile section */
		4D46ABD71FD52CB900E562A8 /* main.cpp in Sources */ = {isa = PBXBuildFile; fileRef = 4D46ABD61FD52CB900E562A8 /* main.cpp */; };
		4D46ABEE1FD52CDD00E562A8 /* libopencv_highgui.3.3.0.dylib in Frameworks */ = {isa = PBXBuildFile; fileRef = 4D46ABDD1FD52CDB00E562A8 /* libopencv_highgui.3.3.0.dylib */; };
		4D46ABEF1FD52CDD00E562A8 /* libopencv_videostab.3.3.0.dylib in Frameworks */ = {isa = PBXBuildFile; fileRef = 4D46ABDE1FD52CDB00E562A8 /* libopencv_videostab.3.3.0.dylib */; };
		4D46ABF01FD52CDD00E562A8 /* libopencv_objdetect.3.3.0.dylib in Frameworks */ = {isa = PBXBuildFile; fileRef = 4D46ABDF1FD52CDB00E562A8 /* libopencv_objdetect.3.3.0.dylib */; };
		4D46ABF11FD52CDD00E562A8 /* libopencv_stitching.3.3.0.dylib in Frameworks */ = {isa = PBXBuildFile; fileRef = 4D46ABE01FD52CDB00E562A8 /* libopencv_stitching.3.3.0.dylib */; };
		4D46ABF21FD52CDD00E562A8 /* libopencv_imgproc.3.3.0.dylib in Frameworks */ = {isa = PBXBuildFile; fileRef = 4D46ABE11FD52CDB00E562A8 /* libopencv_imgproc.3.3.0.dylib */; };
		4D46ABF31FD52CDD00E562A8 /* libopencv_ml.3.3.0.dylib in Frameworks */ = {isa = PBXBuildFile; fileRef = 4D46ABE21FD52CDB00E562A8 /* libopencv_ml.3.3.0.dylib */; };
		4D46ABF41FD52CDD00E562A8 /* libopencv_shape.3.3.0.dylib in Frameworks */ = {isa = PBXBuildFile; fileRef = 4D46ABE31FD52CDB00E562A8 /* libopencv_shape.3.3.0.dylib */; };
		4D46ABF51FD52CDD00E562A8 /* libopencv_dnn.3.3.0.dylib in Frameworks */ = {isa = PBXBuildFile; fileRef = 4D46ABE41FD52CDB00E562A8 /* libopencv_dnn.3.3.0.dylib */; };
		4D46ABF61FD52CDD00E562A8 /* libopencv_features2d.3.3.0.dylib in Frameworks */ = {isa = PBXBuildFile; fileRef = 4D46ABE51FD52CDB00E562A8 /* libopencv_features2d.3.3.0.dylib */; };
		4D46ABF71FD52CDD00E562A8 /* libopencv_photo.3.3.0.dylib in Frameworks */ = {isa = PBXBuildFile; fileRef = 4D46ABE61FD52CDC00E562A8 /* libopencv_photo.3.3.0.dylib */; };
		4D46ABF81FD52CDD00E562A8 /* libopencv_video.3.3.0.dylib in Frameworks */ = {isa = PBXBuildFile; fileRef = 4D46ABE71FD52CDC00E562A8 /* libopencv_video.3.3.0.dylib */; };
		4D46ABF91FD52CDD00E562A8 /* libopencv_videoio.3.3.0.dylib in Frameworks */ = {isa = PBXBuildFile; fileRef = 4D46ABE81FD52CDC00E562A8 /* libopencv_videoio.3.3.0.dylib */; };
		4D46ABFA1FD52CDD00E562A8 /* libopencv_flann.3.3.0.dylib in Frameworks */ = {isa = PBXBuildFile; fileRef = 4D46ABE91FD52CDC00E562A8 /* libopencv_flann.3.3.0.dylib */; };
		4D46ABFB1FD52CDD00E562A8 /* libopencv_calib3d.3.3.0.dylib in Frameworks */ = {isa = PBXBuildFile; fileRef = 4D46ABEA1FD52CDC00E562A8 /* libopencv_calib3d.3.3.0.dylib */; };
		4D46ABFC1FD52CDD00E562A8 /* libopencv_superres.3.3.0.dylib in Frameworks */ = {isa = PBXBuildFile; fileRef = 4D46ABEB1FD52CDC00E562A8 /* libopencv_superres.3.3.0.dylib */; };
		4D46ABFD1FD52CDD00E562A8 /* libopencv_core.3.3.0.dylib in Frameworks */ = {isa = PBXBuildFile; fileRef = 4D46ABEC1FD52CDC00E562A8 /* libopencv_core.3.3.0.dylib */; };
		4D46ABFE1FD52CDD00E562A8 /* libopencv_imgcodecs.3.3.0.dylib in Frameworks */ = {isa = PBXBuildFile; fileRef = 4D46ABED1FD52CDC00E562A8 /* libopencv_imgcodecs.3.3.0.dylib */; };
/* End PBXBuildFile section */

/* Begin PBXCopyFilesBuildPhase section */
		4D46ABD11FD52CB900E562A8 /* CopyFiles */ = {
			isa = PBXCopyFilesBuildPhase;
			buildActionMask = 2147483647;
			dstPath = /usr/share/man/man1/;
			dstSubfolderSpec = 0;
			files = (
			);
			runOnlyForDeploymentPostprocessing = 1;
		};
/* End PBXCopyFilesBuildPhase section */

/* Begin PBXFileReference section */
		4D46ABD31FD52CB900E562A8 /* PrintImagesProperty_ImageAnalysis */ = {isa = PBXFileReference; explicitFileType = "compiled.mach-o.executable"; includeInIndex = 0; path = PrintImagesProperty_ImageAnalysis; sourceTree = BUILT_PRODUCTS_DIR; };
		4D46ABD61FD52CB900E562A8 /* main.cpp */ = {isa = PBXFileReference; lastKnownFileType = sourcecode.cpp.cpp; path = main.cpp; sourceTree = "<group>"; };
		4D46ABDD1FD52CDB00E562A8 /* libopencv_highgui.3.3.0.dylib */ = {isa = PBXFileReference; lastKnownFileType = "compiled.mach-o.dylib"; name = libopencv_highgui.3.3.0.dylib; path = ../../../../usr/local/lib/libopencv_highgui.3.3.0.dylib; sourceTree = "<group>"; };
		4D46ABDE1FD52CDB00E562A8 /* libopencv_videostab.3.3.0.dylib */ = {isa = PBXFileReference; lastKnownFileType = "compiled.mach-o.dylib"; name = libopencv_videostab.3.3.0.dylib; path = ../../../../usr/local/lib/libopencv_videostab.3.3.0.dylib; sourceTree = "<group>"; };
		4D46ABDF1FD52CDB00E562A8 /* libopencv_objdetect.3.3.0.dylib */ = {isa = PBXFileReference; lastKnownFileType = "compiled.mach-o.dylib"; name = libopencv_objdetect.3.3.0.dylib; path = ../../../../usr/local/lib/libopencv_objdetect.3.3.0.dylib; sourceTree = "<group>"; };
		4D46ABE01FD52CDB00E562A8 /* libopencv_stitching.3.3.0.dylib */ = {isa = PBXFileReference; lastKnownFileType = "compiled.mach-o.dylib"; name = libopencv_stitching.3.3.0.dylib; path = ../../../../usr/local/lib/libopencv_stitching.3.3.0.dylib; sourceTree = "<group>"; };
		4D46ABE11FD52CDB00E562A8 /* libopencv_imgproc.3.3.0.dylib */ = {isa = PBXFileReference; lastKnownFileType = "compiled.mach-o.dylib"; name = libopencv_imgproc.3.3.0.dylib; path = ../../../../usr/local/lib/libopencv_imgproc.3.3.0.dylib; sourceTree = "<group>"; };
		4D46ABE21FD52CDB00E562A8 /* libopencv_ml.3.3.0.dylib */ = {isa = PBXFileReference; lastKnownFileType = "compiled.mach-o.dylib"; name = libopencv_ml.3.3.0.dylib; path = ../../../../usr/local/lib/libopencv_ml.3.3.0.dylib; sourceTree = "<group>"; };
		4D46ABE31FD52CDB00E562A8 /* libopencv_shape.3.3.0.dylib */ = {isa = PBXFileReference; lastKnownFileType = "compiled.mach-o.dylib"; name = libopencv_shape.3.3.0.dylib; path = ../../../../usr/local/lib/libopencv_shape.3.3.0.dylib; sourceTree = "<group>"; };
		4D46ABE41FD52CDB00E562A8 /* libopencv_dnn.3.3.0.dylib */ = {isa = PBXFileReference; lastKnownFileType = "compiled.mach-o.dylib"; name = libopencv_dnn.3.3.0.dylib; path = ../../../../usr/local/lib/libopencv_dnn.3.3.0.dylib; sourceTree = "<group>"; };
		4D46ABE51FD52CDB00E562A8 /* libopencv_features2d.3.3.0.dylib */ = {isa = PBXFileReference; lastKnownFileType = "compiled.mach-o.dylib"; name = libopencv_features2d.3.3.0.dylib; path = ../../../../usr/local/lib/libopencv_features2d.3.3.0.dylib; sourceTree = "<group>"; };
		4D46ABE61FD52CDC00E562A8 /* libopencv_photo.3.3.0.dylib */ = {isa = PBXFileReference; lastKnownFileType = "compiled.mach-o.dylib"; name = libopencv_photo.3.3.0.dylib; path = ../../../../usr/local/lib/libopencv_photo.3.3.0.dylib; sourceTree = "<group>"; };
		4D46ABE71FD52CDC00E562A8 /* libopencv_video.3.3.0.dylib */ = {isa = PBXFileReference; lastKnownFileType = "compiled.mach-o.dylib"; name = libopencv_video.3.3.0.dylib; path = ../../../../usr/local/lib/libopencv_video.3.3.0.dylib; sourceTree = "<group>"; };
		4D46ABE81FD52CDC00E562A8 /* libopencv_videoio.3.3.0.dylib */ = {isa = PBXFileReference; lastKnownFileType = "compiled.mach-o.dylib"; name = libopencv_videoio.3.3.0.dylib; path = ../../../../usr/local/lib/libopencv_videoio.3.3.0.dylib; sourceTree = "<group>"; };
		4D46ABE91FD52CDC00E562A8 /* libopencv_flann.3.3.0.dylib */ = {isa = PBXFileReference; lastKnownFileType = "compiled.mach-o.dylib"; name = libopencv_flann.3.3.0.dylib; path = ../../../../usr/local/lib/libopencv_flann.3.3.0.dylib; sourceTree = "<group>"; };
		4D46ABEA1FD52CDC00E562A8 /* libopencv_calib3d.3.3.0.dylib */ = {isa = PBXFileReference; lastKnownFileType = "compiled.mach-o.dylib"; name = libopencv_calib3d.3.3.0.dylib; path = ../../../../usr/local/lib/libopencv_calib3d.3.3.0.dylib; sourceTree = "<group>"; };
		4D46ABEB1FD52CDC00E562A8 /* libopencv_superres.3.3.0.dylib */ = {isa = PBXFileReference; lastKnownFileType = "compiled.mach-o.dylib"; name = libopencv_superres.3.3.0.dylib; path = ../../../../usr/local/lib/libopencv_superres.3.3.0.dylib; sourceTree = "<group>"; };
		4D46ABEC1FD52CDC00E562A8 /* libopencv_core.3.3.0.dylib */ = {isa = PBXFileReference; lastKnownFileType = "compiled.mach-o.dylib"; name = libopencv_core.3.3.0.dylib; path = ../../../../usr/local/lib/libopencv_core.3.3.0.dylib; sourceTree = "<group>"; };
		4D46ABED1FD52CDC00E562A8 /* libopencv_imgcodecs.3.3.0.dylib */ = {isa = PBXFileReference; lastKnownFileType = "compiled.mach-o.dylib"; name = libopencv_imgcodecs.3.3.0.dylib; path = ../../../../usr/local/lib/libopencv_imgcodecs.3.3.0.dylib; sourceTree = "<group>"; };
		4D46AC001FD52D8600E562A8 /* RGBHistogram.h */ = {isa = PBXFileReference; lastKnownFileType = sourcecode.c.h; path = RGBHistogram.h; sourceTree = "<group>"; };
		4D46AC011FD52F5700E562A8 /* readRawfile.h */ = {isa = PBXFileReference; lastKnownFileType = sourcecode.c.h; path = readRawfile.h; sourceTree = "<group>"; };
		4D46AC021FD5345F00E562A8 /* CulculateCDF.h */ = {isa = PBXFileReference; lastKnownFileType = sourcecode.c.h; path = CulculateCDF.h; sourceTree = "<group>"; };
/* End PBXFileReference section */

/* Begin PBXFrameworksBuildPhase section */
		4D46ABD01FD52CB900E562A8 /* Frameworks */ = {
			isa = PBXFrameworksBuildPhase;
			buildActionMask = 2147483647;
			files = (
				4D46ABFA1FD52CDD00E562A8 /* libopencv_flann.3.3.0.dylib in Frameworks */,
				4D46ABF61FD52CDD00E562A8 /* libopencv_features2d.3.3.0.dylib in Frameworks */,
				4D46ABF41FD52CDD00E562A8 /* libopencv_shape.3.3.0.dylib in Frameworks */,
				4D46ABEE1FD52CDD00E562A8 /* libopencv_highgui.3.3.0.dylib in Frameworks */,
				4D46ABFB1FD52CDD00E562A8 /* libopencv_calib3d.3.3.0.dylib in Frameworks */,
				4D46ABFC1FD52CDD00E562A8 /* libopencv_superres.3.3.0.dylib in Frameworks */,
				4D46ABFD1FD52CDD00E562A8 /* libopencv_core.3.3.0.dylib in Frameworks */,
				4D46ABF21FD52CDD00E562A8 /* libopencv_imgproc.3.3.0.dylib in Frameworks */,
				4D46ABF81FD52CDD00E562A8 /* libopencv_video.3.3.0.dylib in Frameworks */,
				4D46ABF31FD52CDD00E562A8 /* libopencv_ml.3.3.0.dylib in Frameworks */,
				4D46ABF51FD52CDD00E562A8 /* libopencv_dnn.3.3.0.dylib in Frameworks */,
				4D46ABFE1FD52CDD00E562A8 /* libopencv_imgcodecs.3.3.0.dylib in Frameworks */,
				4D46ABF71FD52CDD00E562A8 /* libopencv_photo.3.3.0.dylib in Frameworks */,
				4D46ABEF1FD52CDD00E562A8 /* libopencv_videostab.3.3.0.dylib in Frameworks */,
				4D46ABF01FD52CDD00E562A8 /* libopencv_objdetect.3.3.0.dylib in Frameworks */,
				4D46ABF11FD52CDD00E562A8 /* libopencv_stitching.3.3.0.dylib in Frameworks */,
				4D46ABF91FD52CDD00E562A8 /* libopencv_videoio.3.3.0.dylib in Frameworks */,
			);
			runOnlyForDeploymentPostprocessing = 0;
		};
/* End PBXFrameworksBuildPhase section */

/* Begin PBXGroup section */
		4D46ABCA1FD52CB900E562A8 = {
			isa = PBXGroup;
			children = (
				4D46ABEA1FD52CDC00E562A8 /* libopencv_calib3d.3.3.0.dylib */,
				4D46ABEC1FD52CDC00E562A8 /* libopencv_core.3.3.0.dylib */,
				4D46ABE41FD52CDB00E562A8 /* libopencv_dnn.3.3.0.dylib */,
				4D46ABE51FD52CDB00E562A8 /* libopencv_features2d.3.3.0.dylib */,
				4D46ABE91FD52CDC00E562A8 /* libopencv_flann.3.3.0.dylib */,
				4D46ABDD1FD52CDB00E562A8 /* libopencv_highgui.3.3.0.dylib */,
				4D46ABED1FD52CDC00E562A8 /* libopencv_imgcodecs.3.3.0.dylib */,
				4D46ABE11FD52CDB00E562A8 /* libopencv_imgproc.3.3.0.dylib */,
				4D46ABE21FD52CDB00E562A8 /* libopencv_ml.3.3.0.dylib */,
				4D46ABDF1FD52CDB00E562A8 /* libopencv_objdetect.3.3.0.dylib */,
				4D46ABE61FD52CDC00E562A8 /* libopencv_photo.3.3.0.dylib */,
				4D46ABE31FD52CDB00E562A8 /* libopencv_shape.3.3.0.dylib */,
				4D46ABE01FD52CDB00E562A8 /* libopencv_stitching.3.3.0.dylib */,
				4D46ABEB1FD52CDC00E562A8 /* libopencv_superres.3.3.0.dylib */,
				4D46ABE71FD52CDC00E562A8 /* libopencv_video.3.3.0.dylib */,
				4D46ABE81FD52CDC00E562A8 /* libopencv_videoio.3.3.0.dylib */,
				4D46ABDE1FD52CDB00E562A8 /* libopencv_videostab.3.3.0.dylib */,
				4D46ABD51FD52CB900E562A8 /* PrintImagesProperty_ImageAnalysis */,
				4D46ABD41FD52CB900E562A8 /* Products */,
			);
			sourceTree = "<group>";
		};
		4D46ABD41FD52CB900E562A8 /* Products */ = {
			isa = PBXGroup;
			children = (
				4D46ABD31FD52CB900E562A8 /* PrintImagesProperty_ImageAnalysis */,
			);
			name = Products;
			sourceTree = "<group>";
		};
		4D46ABD51FD52CB900E562A8 /* PrintImagesProperty_ImageAnalysis */ = {
			isa = PBXGroup;
			children = (
				4D46ABD61FD52CB900E562A8 /* main.cpp */,
				4D46AC001FD52D8600E562A8 /* RGBHistogram.h */,
				4D46AC011FD52F5700E562A8 /* readRawfile.h */,
				4D46AC021FD5345F00E562A8 /* CulculateCDF.h */,
			);
			path = PrintImagesProperty_ImageAnalysis;
			sourceTree = "<group>";
		};
/* End PBXGroup section */

/* Begin PBXNativeTarget section */
		4D46ABD21FD52CB900E562A8 /* PrintImagesProperty_ImageAnalysis */ = {
			isa = PBXNativeTarget;
			buildConfigurationList = 4D46ABDA1FD52CB900E562A8 /* Build configuration list for PBXNativeTarget "PrintImagesProperty_ImageAnalysis" */;
			buildPhases = (
				4D46ABCF1FD52CB900E562A8 /* Sources */,
				4D46ABD01FD52CB900E562A8 /* Frameworks */,
				4D46ABD11FD52CB900E562A8 /* CopyFiles */,
			);
			buildRules = (
			);
			dependencies = (
			);
			name = PrintImagesProperty_ImageAnalysis;
			productName = PrintImagesProperty_ImageAnalysis;
			productReference = 4D46ABD31FD52CB900E562A8 /* PrintImagesProperty_ImageAnalysis */;
			productType = "com.apple.product-type.tool";
		};
/* End PBXNativeTarget section */

/* Begin PBXProject section */
		4D46ABCB1FD52CB900E562A8 /* Project object */ = {
			isa = PBXProject;
			attributes = {
				LastUpgradeCheck = 0910;
				ORGANIZATIONNAME = "宋題均";
				TargetAttributes = {
					4D46ABD21FD52CB900E562A8 = {
						CreatedOnToolsVersion = 9.1;
						ProvisioningStyle = Automatic;
					};
				};
			};
			buildConfigurationList = 4D46ABCE1FD52CB900E562A8 /* Build configuration list for PBXProject "PrintImagesProperty_ImageAnalysis" */;
			compatibilityVersion = "Xcode 8.0";
			developmentRegion = en;
			hasScannedForEncodings = 0;
			knownRegions = (
				en,
			);
			mainGroup = 4D46ABCA1FD52CB900E562A8;
			productRefGroup = 4D46ABD41FD52CB900E562A8 /* Products */;
			projectDirPath = "";
			projectRoot = "";
			targets = (
				4D46ABD21FD52CB900E562A8 /* PrintImagesProperty_ImageAnalysis */,
			);
		};
/* End PBXProject section */

/* Begin PBXSourcesBuildPhase section */
		4D46ABCF1FD52CB900E562A8 /* Sources */ = {
			isa = PBXSourcesBuildPhase;
			buildActionMask = 2147483647;
			files = (
				4D46ABD71FD52CB900E562A8 /* main.cpp in Sources */,
			);
			runOnlyForDeploymentPostprocessing = 0;
		};
/* End PBXSourcesBuildPhase section */

/* Begin XCBuildConfiguration section */
		4D46ABD81FD52CB900E562A8 /* Debug */ = {
			isa = XCBuildConfiguration;
			buildSettings = {
				ALWAYS_SEARCH_USER_PATHS = NO;
				CLANG_ANALYZER_NONNULL = YES;
				CLANG_ANALYZER_NUMBER_OBJECT_CONVERSION = YES_AGGRESSIVE;
				CLANG_CXX_LANGUAGE_STANDARD = "gnu++14";
				CLANG_CXX_LIBRARY = "libc++";
				CLANG_ENABLE_MODULES = YES;
				CLANG_ENABLE_OBJC_ARC = YES;
				CLANG_WARN_BLOCK_CAPTURE_AUTORELEASING = YES;
				CLANG_WARN_BOOL_CONVERSION = YES;
				CLANG_WARN_COMMA = YES;
				CLANG_WARN_CONSTANT_CONVERSION = YES;
				CLANG_WARN_DIRECT_OBJC_ISA_USAGE = YES_ERROR;
				CLANG_WARN_DOCUMENTATION_COMMENTS = YES;
				CLANG_WARN_EMPTY_BODY = YES;
				CLANG_WARN_ENUM_CONVERSION = YES;
				CLANG_WARN_INFINITE_RECURSION = YES;
				CLANG_WARN_INT_CONVERSION = YES;
				CLANG_WARN_NON_LITERAL_NULL_CONVERSION = YES;
				CLANG_WARN_OBJC_LITERAL_CONVERSION = YES;
				CLANG_WARN_OBJC_ROOT_CLASS = YES_ERROR;
				CLANG_WARN_RANGE_LOOP_ANALYSIS = YES;
				CLANG_WARN_STRICT_PROTOTYPES = YES;
				CLANG_WARN_SUSPICIOUS_MOVE = YES;
				CLANG_WARN_UNGUARDED_AVAILABILITY = YES_AGGRESSIVE;
				CLANG_WARN_UNREACHABLE_CODE = YES;
				CLANG_WARN__DUPLICATE_METHOD_MATCH = YES;
				CODE_SIGN_IDENTITY = "-";
				COPY_PHASE_STRIP = NO;
				DEBUG_INFORMATION_FORMAT = dwarf;
				ENABLE_STRICT_OBJC_MSGSEND = YES;
				ENABLE_TESTABILITY = YES;
				GCC_C_LANGUAGE_STANDARD = gnu11;
				GCC_DYNAMIC_NO_PIC = NO;
				GCC_NO_COMMON_BLOCKS = YES;
				GCC_OPTIMIZATION_LEVEL = 0;
				GCC_PREPROCESSOR_DEFINITIONS = (
					"DEBUG=1",
					"$(inherited)",
				);
				GCC_WARN_64_TO_32_BIT_CONVERSION = YES;
				GCC_WARN_ABOUT_RETURN_TYPE = YES_ERROR;
				GCC_WARN_UNDECLARED_SELECTOR = YES;
				GCC_WARN_UNINITIALIZED_AUTOS = YES_AGGRESSIVE;
				GCC_WARN_UNUSED_FUNCTION = YES;
				GCC_WARN_UNUSED_VARIABLE = YES;
				MACOSX_DEPLOYMENT_TARGET = 10.12;
				MTL_ENABLE_DEBUG_INFO = YES;
				ONLY_ACTIVE_ARCH = YES;
				SDKROOT = macosx;
			};
			name = Debug;
		};
		4D46ABD91FD52CB900E562A8 /* Release */ = {
			isa = XCBuildConfiguration;
			buildSettings = {
				ALWAYS_SEARCH_USER_PATHS = NO;
				CLANG_ANALYZER_NONNULL = YES;
				CLANG_ANALYZER_NUMBER_OBJECT_CONVERSION = YES_AGGRESSIVE;
				CLANG_CXX_LANGUAGE_STANDARD = "gnu++14";
				CLANG_CXX_LIBRARY = "libc++";
				CLANG_ENABLE_MODULES = YES;
				CLANG_ENABLE_OBJC_ARC = YES;
				CLANG_WARN_BLOCK_CAPTURE_AUTORELEASING = YES;
				CLANG_WARN_BOOL_CONVERSION = YES;
				CLANG_WARN_COMMA = YES;
				CLANG_WARN_CONSTANT_CONVERSION = YES;
				CLANG_WARN_DIRECT_OBJC_ISA_USAGE = YES_ERROR;
				CLANG_WARN_DOCUMENTATION_COMMENTS = YES;
				CLANG_WARN_EMPTY_BODY = YES;
				CLANG_WARN_ENUM_CONVERSION = YES;
				CLANG_WARN_INFINITE_RECURSION = YES;
				CLANG_WARN_INT_CONVERSION = YES;
				CLANG_WARN_NON_LITERAL_NULL_CONVERSION = YES;
				CLANG_WARN_OBJC_LITERAL_CONVERSION = YES;
				CLANG_WARN_OBJC_ROOT_CLASS = YES_ERROR;
				CLANG_WARN_RANGE_LOOP_ANALYSIS = YES;
				CLANG_WARN_STRICT_PROTOTYPES = YES;
				CLANG_WARN_SUSPICIOUS_MOVE = YES;
				CLANG_WARN_UNGUARDED_AVAILABILITY = YES_AGGRESSIVE;
				CLANG_WARN_UNREACHABLE_CODE = YES;
				CLANG_WARN__DUPLICATE_METHOD_MATCH = YES;
				CODE_SIGN_IDENTITY = "-";
				COPY_PHASE_STRIP = NO;
				DEBUG_INFORMATION_FORMAT = "dwarf-with-dsym";
				ENABLE_NS_ASSERTIONS = NO;
				ENABLE_STRICT_OBJC_MSGSEND = YES;
				GCC_C_LANGUAGE_STANDARD = gnu11;
				GCC_NO_COMMON_BLOCKS = YES;
				GCC_WARN_64_TO_32_BIT_CONVERSION = YES;
				GCC_WARN_ABOUT_RETURN_TYPE = YES_ERROR;
				GCC_WARN_UNDECLARED_SELECTOR = YES;
				GCC_WARN_UNINITIALIZED_AUTOS = YES_AGGRESSIVE;
				GCC_WARN_UNUSED_FUNCTION = YES;
				GCC_WARN_UNUSED_VARIABLE = YES;
				MACOSX_DEPLOYMENT_TARGET = 10.12;
				MTL_ENABLE_DEBUG_INFO = NO;
				SDKROOT = macosx;
			};
			name = Release;
		};
		4D46ABDB1FD52CB900E562A8 /* Debug */ = {
			isa = XCBuildConfiguration;
			buildSettings = {
				CODE_SIGN_STYLE = Automatic;
				HEADER_SEARCH_PATHS = /usr/local/include;
				LIBRARY_SEARCH_PATHS = /usr/local/lib;
				PRODUCT_NAME = "$(TARGET_NAME)";
			};
			name = Debug;
		};
		4D46ABDC1FD52CB900E562A8 /* Release */ = {
			isa = XCBuildConfiguration;
			buildSettings = {
				CODE_SIGN_STYLE = Automatic;
				HEADER_SEARCH_PATHS = /usr/local/include;
				LIBRARY_SEARCH_PATHS = /usr/local/lib;
				PRODUCT_NAME = "$(TARGET_NAME)";
			};
			name = Release;
		};
/* End XCBuildConfiguration section */

/* Begin XCConfigurationList section */
		4D46ABCE1FD52CB900E562A8 /* Build configuration list for PBXProject "PrintImagesProperty_ImageAnalysis" */ = {
			isa = XCConfigurationList;
			buildConfigurations = (
				4D46ABD81FD52CB900E562A8 /* Debug */,
				4D46ABD91FD52CB900E562A8 /* Release */,
			);
			defaultConfigurationIsVisible = 0;
			defaultConfigurationName = Release;
		};
		4D46ABDA1FD52CB900E562A8 /* Build configuration list for PBXNativeTarget "PrintImagesProperty_ImageAnalysis" */ = {
			isa = XCConfigurationList;
			buildConfigurations = (
				4D46ABDB1FD52CB900E562A8 /* Debug */,
				4D46ABDC1FD52CB900E562A8 /* Release */,
			);
			defaultConfigurationIsVisible = 0;
			defaultConfigurationName = Release;
		};
/* End XCConfigurationList section */
	};
	rootObject = 4D46ABCB1FD52CB900E562A8 /* Project object */;
}
